
Microsoft Visual Studio Solution File, Format Version 12.00
# Visual Studio Version 17
VisualStudioVersion = 17.11.35431.28
MinimumVisualStudioVersion = 10.0.40219.1
Project("{FAE04EC0-301F-11D3-BF4B-00C04F79EFBC}") = "TeleportBugFix", "TeleportBugFix\TeleportBugFix.csproj", "{158AB09B-5D8A-4BA0-B7E2-9733807B17FF}"
EndProject
Global
	GlobalSection(SolutionConfigurationPlatforms) = preSolution
		Debug|Any CPU = Debug|Any CPU
		Release|Any CPU = Release|Any CPU
	EndGlobalSection
	GlobalSection(ProjectConfigurationPlatforms) = postSolution
		{158AB09B-5D8A-4BA0-B7E2-9733807B17FF}.Debug|Any CPU.ActiveCfg = Debug|Any CPU
		{158AB09B-5D8A-4BA0-B7E2-9733807B17FF}.Debug|Any CPU.Build.0 = Debug|Any CPU
		{158AB09B-5D8A-4BA0-B7E2-9733807B17FF}.Release|Any CPU.ActiveCfg = Release|Any CPU
		{158AB09B-5D8A-4BA0-B7E2-9733807B17FF}.Release|Any CPU.Build.0 = Release|Any CPU
	EndGlobalSection
	GlobalSection(SolutionProperties) = preSolution
		HideSolutionNode = FALSE
	EndGlobalSection
	GlobalSection(ExtensibilityGlobals) = postSolution
		SolutionGuid = {A52B75B1-415C-46F8-B1E0-B0E098560662}
	EndGlobalSection
EndGlobal
